version = 1
requires-python = ">=3.12"

[manifest]
members = [
    "lib1",
    "lib2",
    "renovatebot-testing",
]

[[package]]
name = "fastapi"
version = "0.65.0"
source = { registry = "https://pypi.org/simple" }
dependencies = [
    { name = "pydantic" },
    { name = "starlette" },
]
sdist = { url = "https://files.pythonhosted.org/packages/8d/31/eb754cf36c72ad0b46ca3e8de2ceadabfaee85cec74cebe226280c40f1dc/fastapi-0.65.0.tar.gz", hash = "sha256:ede7d6b010c77ec27a0e5f7faad315d2abc80c4eebbce2b28f2e2c06866ad199", size = 5519825 }
wheels = [
    { url = "https://files.pythonhosted.org/packages/2c/2a/4b5dcc2eabaa439f81387b0d3f80ebb2ea52b0436720b713fef79db32b7e/fastapi-0.65.0-py3-none-any.whl", hash = "sha256:2e61fdda3149a4aea497137e720a008db15a935262596956825666eb60516c4a", size = 50913 },
]

[[package]]
name = "lib1"
version = "0.1.0"
source = { virtual = "lib1" }
dependencies = [
    { name = "fastapi" },
]

[package.metadata]
requires-dist = [{ name = "fastapi", specifier = ">=0.65.0" }]

[[package]]
name = "lib2"
version = "0.1.0"
source = { virtual = "lib2" }
dependencies = [
    { name = "fastapi" },
]

[package.metadata]
requires-dist = [{ name = "fastapi", specifier = "==0.65.0" }]

[[package]]
name = "pydantic"
version = "1.10.19"
source = { registry = "https://pypi.org/simple" }
dependencies = [
    { name = "typing-extensions" },
]
sdist = { url = "https://files.pythonhosted.org/packages/a1/2d/df30554721cdad26b241b7a92e726dd1c3716d90c92915731eb00e17a9f7/pydantic-1.10.19.tar.gz", hash = "sha256:fea36c2065b7a1d28c6819cc2e93387b43dd5d3cf5a1e82d8132ee23f36d1f10", size = 355208 }
wheels = [
    { url = "https://files.pythonhosted.org/packages/dc/bb/4883d3957b10b814b3bd7b7e8d51274f756e243e5eebd2f1cda36d933a32/pydantic-1.10.19-cp312-cp312-macosx_10_9_x86_64.whl", hash = "sha256:d5b5b7c6bafaef90cbb7dafcb225b763edd71d9e22489647ee7df49d6d341890", size = 2410108 },
    { url = "https://files.pythonhosted.org/packages/86/80/752f888be6b068727fb893d4d875ef1cc6bb3ed3dc382f33a019fc26598a/pydantic-1.10.19-cp312-cp312-macosx_11_0_arm64.whl", hash = "sha256:570ad0aeaf98b5e33ff41af75aba2ef6604ee25ce0431ecd734a28e74a208555", size = 2166105 },
    { url = "https://files.pythonhosted.org/packages/af/d4/346e56049cbc5ca429a1590bd0ab47cc154b1dec9e85fc920f7d5e50c889/pydantic-1.10.19-cp312-cp312-manylinux_2_17_x86_64.manylinux2014_x86_64.whl", hash = "sha256:0890fbd7fec9e151c7512941243d830b2d6076d5df159a2030952d480ab80a4e", size = 2800443 },
    { url = "https://files.pythonhosted.org/packages/c5/73/e1934973bf8bf436f1e1e365ed48dc51da5d7ba8b88dcd2239c962a267e0/pydantic-1.10.19-cp312-cp312-manylinux_2_5_i686.manylinux1_i686.manylinux_2_17_i686.manylinux2014_i686.whl", hash = "sha256:ec5c44e6e9eac5128a9bfd21610df3b8c6b17343285cc185105686888dc81206", size = 2830897 },
    { url = "https://files.pythonhosted.org/packages/87/5e/90e3e3c8bd70012986c22aa5f291aab948bdf419ca694833872594ff99ea/pydantic-1.10.19-cp312-cp312-musllinux_1_1_i686.whl", hash = "sha256:6eb56074b11a696e0b66c7181da682e88c00e5cebe6570af8013fcae5e63e186", size = 2863147 },
    { url = "https://files.pythonhosted.org/packages/50/c2/95be3fdfafdaf49d09369a46bbcf1f22494765479b44436e954837b818cc/pydantic-1.10.19-cp312-cp312-musllinux_1_1_x86_64.whl", hash = "sha256:9d7d48fbc5289efd23982a0d68e973a1f37d49064ccd36d86de4543aff21e086", size = 2823662 },
    { url = "https://files.pythonhosted.org/packages/00/ba/8b1c91cc27428b5e9d340abf99f82c01987eb638937ff64ae0166354bff0/pydantic-1.10.19-cp312-cp312-win_amd64.whl", hash = "sha256:fd34012691fbd4e67bdf4accb1f0682342101015b78327eaae3543583fcd451e", size = 1950372 },
    { url = "https://files.pythonhosted.org/packages/a4/68/99ebf43b6b0321175cff0a05f0ce7fa51a8de67d390ccb8ab0d534be86a9/pydantic-1.10.19-py3-none-any.whl", hash = "sha256:2206a1752d9fac011e95ca83926a269fb0ef5536f7e053966d058316e24d929f", size = 165863 },
]

[[package]]
name = "renovatebot-testing"
version = "0.1.0"
source = { virtual = "." }
dependencies = [
    { name = "lib1" },
    { name = "lib2" },
]

[package.metadata]
requires-dist = [
    { name = "lib1", virtual = "lib1" },
    { name = "lib2", virtual = "lib2" },
]

[[package]]
name = "starlette"
version = "0.14.2"
source = { registry = "https://pypi.org/simple" }
sdist = { url = "https://files.pythonhosted.org/packages/3a/06/ded663a1ddea8b11a2027d88ff0e757f9cdb812310f18bee33ef7270112f/starlette-0.14.2.tar.gz", hash = "sha256:7d49f4a27f8742262ef1470608c59ddbc66baf37c148e938c7038e6bc7a998aa", size = 50123 }
wheels = [
    { url = "https://files.pythonhosted.org/packages/15/34/db1890f442a1cd3a2c761f4109a0eb4e63503218d70a8c8e97faa09a5500/starlette-0.14.2-py3-none-any.whl", hash = "sha256:3c8e48e52736b3161e34c9f0e8153b4f32ec5d8995a3ee1d59410d92f75162ed", size = 60648 },
]

[[package]]
name = "typing-extensions"
version = "4.12.2"
source = { registry = "https://pypi.org/simple" }
sdist = { url = "https://files.pythonhosted.org/packages/df/db/f35a00659bc03fec321ba8bce9420de607a1d37f8342eee1863174c69557/typing_extensions-4.12.2.tar.gz", hash = "sha256:1a7ead55c7e559dd4dee8856e3a88b41225abfe1ce8df57b7c13915fe121ffb8", size = 85321 }
wheels = [
    { url = "https://files.pythonhosted.org/packages/26/9f/ad63fc0248c5379346306f8668cda6e2e2e9c95e01216d2b8ffd9ff037d0/typing_extensions-4.12.2-py3-none-any.whl", hash = "sha256:04e5ca0351e0f3f85c6853954072df659d0d13fac324d0072316b67d7794700d", size = 37438 },
]
